
Microsoft Visual Studio Solution File, Format Version 11.00
# Visual C# Express 2010
Project("{FAE04EC0-301F-11D3-BF4B-00C04F79EFBC}") = "NEStract", "NEStract\NEStract.csproj", "{718415D2-C446-4983-B5B9-28CC3E199568}"
EndProject
Global
	GlobalSection(SolutionConfigurationPlatforms) = preSolution
		Debug|x86 = Debug|x86
		Release|x86 = Release|x86
	EndGlobalSection
	GlobalSection(ProjectConfigurationPlatforms) = postSolution
		{718415D2-C446-4983-B5B9-28CC3E199568}.Debug|x86.ActiveCfg = Debug|x86
		{718415D2-C446-4983-B5B9-28CC3E199568}.Debug|x86.Build.0 = Debug|x86
		{718415D2-C446-4983-B5B9-28CC3E199568}.Release|x86.ActiveCfg = Release|x86
		{718415D2-C446-4983-B5B9-28CC3E199568}.Release|x86.Build.0 = Release|x86
	EndGlobalSection
	GlobalSection(SolutionProperties) = preSolution
		HideSolutionNode = FALSE
	EndGlobalSection
EndGlobal
